
Microsoft Visual Studio Solution File, Format Version 12.00
# Visual Studio 2013
VisualStudioVersion = 12.0.30723.0
MinimumVisualStudioVersion = 10.0.40219.1
Project("{FAE04EC0-301F-11D3-BF4B-00C04F79EFBC}") = "CodeCount", "CodeCount\CodeCount.csproj", "{0FF26882-3B7B-4B33-B5B8-E36080359C5E}"
EndProject
Project("{FAE04EC0-301F-11D3-BF4B-00C04F79EFBC}") = "CodeCountUI", "CodeCountUI\CodeCountUI.csproj", "{A9527017-AAB8-4042-AF79-770ABFD1D6DB}"
EndProject
Project("{2150E333-8FDC-42A3-9474-1A3956D46DE8}") = "Solution Items", "Solution Items", "{054BF639-9A5A-4CC8-B1D5-E36E76AE4AB4}"
	ProjectSection(SolutionItems) = preProject
		readme.txt = readme.txt
		线程模型.png = 线程模型.png
		行数统计.png = 行数统计.png
	EndProjectSection
EndProject
Global
	GlobalSection(SolutionConfigurationPlatforms) = preSolution
		Debug|Any CPU = Debug|Any CPU
		Release|Any CPU = Release|Any CPU
	EndGlobalSection
	GlobalSection(ProjectConfigurationPlatforms) = postSolution
		{0FF26882-3B7B-4B33-B5B8-E36080359C5E}.Debug|Any CPU.ActiveCfg = Debug|Any CPU
		{0FF26882-3B7B-4B33-B5B8-E36080359C5E}.Debug|Any CPU.Build.0 = Debug|Any CPU
		{0FF26882-3B7B-4B33-B5B8-E36080359C5E}.Release|Any CPU.ActiveCfg = Release|Any CPU
		{0FF26882-3B7B-4B33-B5B8-E36080359C5E}.Release|Any CPU.Build.0 = Release|Any CPU
		{A9527017-AAB8-4042-AF79-770ABFD1D6DB}.Debug|Any CPU.ActiveCfg = Debug|Any CPU
		{A9527017-AAB8-4042-AF79-770ABFD1D6DB}.Debug|Any CPU.Build.0 = Debug|Any CPU
		{A9527017-AAB8-4042-AF79-770ABFD1D6DB}.Release|Any CPU.ActiveCfg = Release|Any CPU
		{A9527017-AAB8-4042-AF79-770ABFD1D6DB}.Release|Any CPU.Build.0 = Release|Any CPU
	EndGlobalSection
	GlobalSection(SolutionProperties) = preSolution
		HideSolutionNode = FALSE
	EndGlobalSection
EndGlobal
